
Microsoft Visual Studio Solution File, Format Version 12.00
# Visual Studio 2013
VisualStudioVersion = 12.0.40629.0
MinimumVisualStudioVersion = 10.0.40219.1
Project("{FAE04EC0-301F-11D3-BF4B-00C04F79EFBC}") = "InterfaceChess", "InterfaceChess\InterfaceChess.csproj", "{A0AF06B0-8225-4534-98E4-CF629E3853F9}"
EndProject
Project("{FAE04EC0-301F-11D3-BF4B-00C04F79EFBC}") = "DetectBoard", "DetectBoard\DetectBoard.csproj", "{10ADD752-13F5-4E5C-A0CE-05D50483CD52}"
EndProject
Global
	GlobalSection(SolutionConfigurationPlatforms) = preSolution
		Debug|Any CPU = Debug|Any CPU
		Release|Any CPU = Release|Any CPU
	EndGlobalSection
	GlobalSection(ProjectConfigurationPlatforms) = postSolution
		{A0AF06B0-8225-4534-98E4-CF629E3853F9}.Debug|Any CPU.ActiveCfg = Debug|Any CPU
		{A0AF06B0-8225-4534-98E4-CF629E3853F9}.Debug|Any CPU.Build.0 = Debug|Any CPU
		{A0AF06B0-8225-4534-98E4-CF629E3853F9}.Release|Any CPU.ActiveCfg = Release|Any CPU
		{A0AF06B0-8225-4534-98E4-CF629E3853F9}.Release|Any CPU.Build.0 = Release|Any CPU
		{10ADD752-13F5-4E5C-A0CE-05D50483CD52}.Debug|Any CPU.ActiveCfg = Debug|Any CPU
		{10ADD752-13F5-4E5C-A0CE-05D50483CD52}.Debug|Any CPU.Build.0 = Debug|Any CPU
		{10ADD752-13F5-4E5C-A0CE-05D50483CD52}.Release|Any CPU.ActiveCfg = Release|Any CPU
		{10ADD752-13F5-4E5C-A0CE-05D50483CD52}.Release|Any CPU.Build.0 = Release|Any CPU
	EndGlobalSection
	GlobalSection(SolutionProperties) = preSolution
		HideSolutionNode = FALSE
	EndGlobalSection
EndGlobal
